
Microsoft Visual Studio Solution File, Format Version 12.00
# Visual Studio Version 17
VisualStudioVersion = 17.12.35707.178
MinimumVisualStudioVersion = 10.0.40219.1
Project("{FAE04EC0-301F-11D3-BF4B-00C04F79EFBC}") = "Deselection_Issue", "Deselection_Issue\Deselection_Issue.csproj", "{D8BB06B1-D402-4F93-8D60-8E80120777DA}"
EndProject
Project("{F2A71F9B-5D33-465A-A702-920D77279786}") = "Deselection_Issue.Core", "Deselection_Issue.Core\Deselection_Issue.Core.fsproj", "{770D7CEA-509E-4A3C-874C-EEA4D0EF7233}"
EndProject
Global
	GlobalSection(SolutionConfigurationPlatforms) = preSolution
		Debug|Any CPU = Debug|Any CPU
		Release|Any CPU = Release|Any CPU
	EndGlobalSection
	GlobalSection(ProjectConfigurationPlatforms) = postSolution
		{D8BB06B1-D402-4F93-8D60-8E80120777DA}.Debug|Any CPU.ActiveCfg = Debug|Any CPU
		{D8BB06B1-D402-4F93-8D60-8E80120777DA}.Debug|Any CPU.Build.0 = Debug|Any CPU
		{D8BB06B1-D402-4F93-8D60-8E80120777DA}.Release|Any CPU.ActiveCfg = Release|Any CPU
		{D8BB06B1-D402-4F93-8D60-8E80120777DA}.Release|Any CPU.Build.0 = Release|Any CPU
		{770D7CEA-509E-4A3C-874C-EEA4D0EF7233}.Debug|Any CPU.ActiveCfg = Debug|Any CPU
		{770D7CEA-509E-4A3C-874C-EEA4D0EF7233}.Debug|Any CPU.Build.0 = Debug|Any CPU
		{770D7CEA-509E-4A3C-874C-EEA4D0EF7233}.Release|Any CPU.ActiveCfg = Release|Any CPU
		{770D7CEA-509E-4A3C-874C-EEA4D0EF7233}.Release|Any CPU.Build.0 = Release|Any CPU
	EndGlobalSection
	GlobalSection(SolutionProperties) = preSolution
		HideSolutionNode = FALSE
	EndGlobalSection
EndGlobal
